
Microsoft Visual Studio Solution File, Format Version 12.00
# Visual Studio 14
VisualStudioVersion = 14.0.25420.1
MinimumVisualStudioVersion = 10.0.40219.1
Project("{FAE04EC0-301F-11D3-BF4B-00C04F79EFBC}") = "SMS", "SMS\SMS.csproj", "{B141D983-4637-42A5-BD2C-5932EE6C10F6}"
EndProject
Project("{54435603-DBB4-11D2-8724-00A0C9A8B90C}") = "SMSCONFIG", "SMSCONFIG\SMSCONFIG.vdproj", "{A002C03A-8FF0-4919-A7EC-AB53AFAE6FAA}"
EndProject
Global
	GlobalSection(SolutionConfigurationPlatforms) = preSolution
		Debug|Any CPU = Debug|Any CPU
		Release|Any CPU = Release|Any CPU
	EndGlobalSection
	GlobalSection(ProjectConfigurationPlatforms) = postSolution
		{B141D983-4637-42A5-BD2C-5932EE6C10F6}.Debug|Any CPU.ActiveCfg = Debug|Any CPU
		{B141D983-4637-42A5-BD2C-5932EE6C10F6}.Debug|Any CPU.Build.0 = Debug|Any CPU
		{B141D983-4637-42A5-BD2C-5932EE6C10F6}.Release|Any CPU.ActiveCfg = Release|Any CPU
		{B141D983-4637-42A5-BD2C-5932EE6C10F6}.Release|Any CPU.Build.0 = Release|Any CPU
		{A002C03A-8FF0-4919-A7EC-AB53AFAE6FAA}.Debug|Any CPU.ActiveCfg = Debug
		{A002C03A-8FF0-4919-A7EC-AB53AFAE6FAA}.Release|Any CPU.ActiveCfg = Release
	EndGlobalSection
	GlobalSection(SolutionProperties) = preSolution
		HideSolutionNode = FALSE
	EndGlobalSection
EndGlobal
